
Microsoft Visual Studio Solution File, Format Version 12.00
# Visual Studio 14
VisualStudioVersion = 14.0.25420.1
MinimumVisualStudioVersion = 10.0.40219.1
Project("{FAE04EC0-301F-11D3-BF4B-00C04F79EFBC}") = "NetLibrary", "NetLibrary\NetLibrary.csproj", "{6CFA9D4B-2700-4166-9A7B-A06FB1C63321}"
EndProject
Project("{FAE04EC0-301F-11D3-BF4B-00C04F79EFBC}") = "Tests", "Tests\Tests.csproj", "{7FA79EC7-F769-4D86-9014-FA829F77D392}"
EndProject
Project("{FAE04EC0-301F-11D3-BF4B-00C04F79EFBC}") = "CoreLibrary", "CoreLibrary\CoreLibrary.csproj", "{B72C27BE-EE48-4A21-9A02-7C0211B9CACC}"
EndProject
Global
	GlobalSection(SolutionConfigurationPlatforms) = preSolution
		Debug|Any CPU = Debug|Any CPU
		Release|Any CPU = Release|Any CPU
	EndGlobalSection
	GlobalSection(ProjectConfigurationPlatforms) = postSolution
		{6CFA9D4B-2700-4166-9A7B-A06FB1C63321}.Debug|Any CPU.ActiveCfg = Debug|Any CPU
		{6CFA9D4B-2700-4166-9A7B-A06FB1C63321}.Debug|Any CPU.Build.0 = Debug|Any CPU
		{6CFA9D4B-2700-4166-9A7B-A06FB1C63321}.Release|Any CPU.ActiveCfg = Release|Any CPU
		{6CFA9D4B-2700-4166-9A7B-A06FB1C63321}.Release|Any CPU.Build.0 = Release|Any CPU
		{7FA79EC7-F769-4D86-9014-FA829F77D392}.Debug|Any CPU.ActiveCfg = Debug|Any CPU
		{7FA79EC7-F769-4D86-9014-FA829F77D392}.Debug|Any CPU.Build.0 = Debug|Any CPU
		{7FA79EC7-F769-4D86-9014-FA829F77D392}.Release|Any CPU.ActiveCfg = Release|Any CPU
		{7FA79EC7-F769-4D86-9014-FA829F77D392}.Release|Any CPU.Build.0 = Release|Any CPU
		{B72C27BE-EE48-4A21-9A02-7C0211B9CACC}.Debug|Any CPU.ActiveCfg = Debug|Any CPU
		{B72C27BE-EE48-4A21-9A02-7C0211B9CACC}.Debug|Any CPU.Build.0 = Debug|Any CPU
		{B72C27BE-EE48-4A21-9A02-7C0211B9CACC}.Release|Any CPU.ActiveCfg = Release|Any CPU
		{B72C27BE-EE48-4A21-9A02-7C0211B9CACC}.Release|Any CPU.Build.0 = Release|Any CPU
	EndGlobalSection
	GlobalSection(SolutionProperties) = preSolution
		HideSolutionNode = FALSE
	EndGlobalSection
EndGlobal
